{
  "name": "@agency-undone/nuxt-module-ipfs",
  "version": "1.0.2-alpha.5",
  "lockfileVersion": 2,
  "requires": true,
  "packages": {
    "": {
      "name": "@agency-undone/nuxt-module-ipfs",
      "version": "1.0.2-alpha.5",
      "license": "Apache-2.0",
      "dependencies": {
        "klaw": "^4.0.1"
      },
      "engines": {
        "node": ">=16.13.0"
      }
    },
    "node_modules/klaw": {
      "version": "4.0.1",
      "resolved": "https://registry.npmjs.org/klaw/-/klaw-4.0.1.tgz",
      "integrity": "sha512-pgsE40/SvC7st04AHiISNewaIMUbY5V/K8b21ekiPiFoYs/EYSdsGa+FJArB1d441uq4Q8zZyIxvAzkGNlBdRw==",
      "engines": {
        "node": ">=14.14.0"
      }
    }
  },
  "dependencies": {
    "klaw": {
      "version": "4.0.1",
      "resolved": "https://registry.npmjs.org/klaw/-/klaw-4.0.1.tgz",
      "integrity": "sha512-pgsE40/SvC7st04AHiISNewaIMUbY5V/K8b21ekiPiFoYs/EYSdsGa+FJArB1d441uq4Q8zZyIxvAzkGNlBdRw=="
    }
  }
}
