{
  "name": "@agency-undone/nuxt-module-ipfs",
  "version": "1.0.2-alpha.4",
  "lockfileVersion": 1,
  "requires": true,
  "dependencies": {
    "klaw": {
      "version": "4.0.1",
      "resolved": "https://registry.npmjs.org/klaw/-/klaw-4.0.1.tgz",
      "integrity": "sha512-pgsE40/SvC7st04AHiISNewaIMUbY5V/K8b21ekiPiFoYs/EYSdsGa+FJArB1d441uq4Q8zZyIxvAzkGNlBdRw=="
    }
  }
}
